// !$*UTF8*$!
{
	archiveVersion = 1;
	classes = {
	};
	objectVersion = 51;
	objects = {

/* Begin PBXBuildFile section */
		0F4DA65623B798B000F2A2EC /* CategoryViewController.swift in Sources */ = {isa = PBXBuildFile; fileRef = 0F4DA65523B798B000F2A2EC /* CategoryViewController.swift */; };
		0FA2197723AB3F7B009DCEAE /* AppDelegate.swift in Sources */ = {isa = PBXBuildFile; fileRef = 0FA2197623AB3F7B009DCEAE /* AppDelegate.swift */; };
		0FA2197923AB3F7B009DCEAE /* SceneDelegate.swift in Sources */ = {isa = PBXBuildFile; fileRef = 0FA2197823AB3F7B009DCEAE /* SceneDelegate.swift */; };
		0FA2197B23AB3F7B009DCEAE /* TodoListViewController.swift in Sources */ = {isa = PBXBuildFile; fileRef = 0FA2197A23AB3F7B009DCEAE /* TodoListViewController.swift */; };
		0FA2197E23AB3F7B009DCEAE /* Main.storyboard in Resources */ = {isa = PBXBuildFile; fileRef = 0FA2197C23AB3F7B009DCEAE /* Main.storyboard */; };
		0FA2198023AB3F7C009DCEAE /* Assets.xcassets in Resources */ = {isa = PBXBuildFile; fileRef = 0FA2197F23AB3F7C009DCEAE /* Assets.xcassets */; };
		0FA2198323AB3F7C009DCEAE /* LaunchScreen.storyboard in Resources */ = {isa = PBXBuildFile; fileRef = 0FA2198123AB3F7C009DCEAE /* LaunchScreen.storyboard */; };
		0FAB6D8F23CA60CE00DCC5E7 /* Item.swift in Sources */ = {isa = PBXBuildFile; fileRef = 0FAB6D8E23CA60CE00DCC5E7 /* Item.swift */; };
		0FAB6D9123CA60F300DCC5E7 /* Category.swift in Sources */ = {isa = PBXBuildFile; fileRef = 0FAB6D9023CA60F300DCC5E7 /* Category.swift */; };
		F9050F2EC56FA10203F79274 /* Pods_Todoey2.framework in Frameworks */ = {isa = PBXBuildFile; fileRef = 1CEBB00C8B7E614D08CF4E89 /* Pods_Todoey2.framework */; };
/* End PBXBuildFile section */

/* Begin PBXFileReference section */
		0F4DA65523B798B000F2A2EC /* CategoryViewController.swift */ = {isa = PBXFileReference; lastKnownFileType = sourcecode.swift; path = CategoryViewController.swift; sourceTree = "<group>"; };
		0FA2197323AB3F7B009DCEAE /* Todoey2.app */ = {isa = PBXFileReference; explicitFileType = wrapper.application; includeInIndex = 0; path = Todoey2.app; sourceTree = BUILT_PRODUCTS_DIR; };
		0FA2197623AB3F7B009DCEAE /* AppDelegate.swift */ = {isa = PBXFileReference; lastKnownFileType = sourcecode.swift; path = AppDelegate.swift; sourceTree = "<group>"; };
		0FA2197823AB3F7B009DCEAE /* SceneDelegate.swift */ = {isa = PBXFileReference; lastKnownFileType = sourcecode.swift; path = SceneDelegate.swift; sourceTree = "<group>"; };
		0FA2197A23AB3F7B009DCEAE /* TodoListViewController.swift */ = {isa = PBXFileReference; lastKnownFileType = sourcecode.swift; path = TodoListViewController.swift; sourceTree = "<group>"; };
		0FA2197D23AB3F7B009DCEAE /* Base */ = {isa = PBXFileReference; lastKnownFileType = file.storyboard; name = Base; path = Base.lproj/Main.storyboard; sourceTree = "<group>"; };
		0FA2197F23AB3F7C009DCEAE /* Assets.xcassets */ = {isa = PBXFileReference; lastKnownFileType = folder.assetcatalog; path = Assets.xcassets; sourceTree = "<group>"; };
		0FA2198223AB3F7C009DCEAE /* Base */ = {isa = PBXFileReference; lastKnownFileType = file.storyboard; name = Base; path = Base.lproj/LaunchScreen.storyboard; sourceTree = "<group>"; };
		0FA2198423AB3F7C009DCEAE /* Info.plist */ = {isa = PBXFileReference; lastKnownFileType = text.plist.xml; path = Info.plist; sourceTree = "<group>"; };
		0FAB6D8E23CA60CE00DCC5E7 /* Item.swift */ = {isa = PBXFileReference; lastKnownFileType = sourcecode.swift; path = Item.swift; sourceTree = "<group>"; };
		0FAB6D9023CA60F300DCC5E7 /* Category.swift */ = {isa = PBXFileReference; lastKnownFileType = sourcecode.swift; path = Category.swift; sourceTree = "<group>"; };
		1CEBB00C8B7E614D08CF4E89 /* Pods_Todoey2.framework */ = {isa = PBXFileReference; explicitFileType = wrapper.framework; includeInIndex = 0; path = Pods_Todoey2.framework; sourceTree = BUILT_PRODUCTS_DIR; };
		6425DFFF1317F5FFD0292339 /* Pods-Todoey2.release.xcconfig */ = {isa = PBXFileReference; includeInIndex = 1; lastKnownFileType = text.xcconfig; name = "Pods-Todoey2.release.xcconfig"; path = "Target Support Files/Pods-Todoey2/Pods-Todoey2.release.xcconfig"; sourceTree = "<group>"; };
		CD6E522DCF36CCE0FA487DB1 /* Pods-Todoey2.debug.xcconfig */ = {isa = PBXFileReference; includeInIndex = 1; lastKnownFileType = text.xcconfig; name = "Pods-Todoey2.debug.xcconfig"; path = "Target Support Files/Pods-Todoey2/Pods-Todoey2.debug.xcconfig"; sourceTree = "<group>"; };
/* End PBXFileReference section */

/* Begin PBXFrameworksBuildPhase section */
		0FA2197023AB3F7B009DCEAE /* Frameworks */ = {
			isa = PBXFrameworksBuildPhase;
			buildActionMask = 2147483647;
			files = (
				F9050F2EC56FA10203F79274 /* Pods_Todoey2.framework in Frameworks */,
			);
			runOnlyForDeploymentPostprocessing = 0;
		};
/* End PBXFrameworksBuildPhase section */

/* Begin PBXGroup section */
		0FA2196A23AB3F7B009DCEAE = {
			isa = PBXGroup;
			children = (
				0FA2197523AB3F7B009DCEAE /* Todoey2 */,
				0FA2197423AB3F7B009DCEAE /* Products */,
				D383C6F2EE2F7CDFCA6BAD09 /* Pods */,
				F1840116831A015287EFB3BF /* Frameworks */,
			);
			sourceTree = "<group>";
		};
		0FA2197423AB3F7B009DCEAE /* Products */ = {
			isa = PBXGroup;
			children = (
				0FA2197323AB3F7B009DCEAE /* Todoey2.app */,
			);
			name = Products;
			sourceTree = "<group>";
		};
		0FA2197523AB3F7B009DCEAE /* Todoey2 */ = {
			isa = PBXGroup;
			children = (
				0FA2197623AB3F7B009DCEAE /* AppDelegate.swift */,
				0FA2197823AB3F7B009DCEAE /* SceneDelegate.swift */,
				0FA219AD23B076B8009DCEAE /* Controllers */,
				0FA219AC23B0768E009DCEAE /* Data Model */,
				0FA219AE23B076D0009DCEAE /* Views */,
				0FA219AF23B07700009DCEAE /* Suporting Files */,
				0FA2198423AB3F7C009DCEAE /* Info.plist */,
			);
			path = Todoey2;
			sourceTree = "<group>";
		};
		0FA219AC23B0768E009DCEAE /* Data Model */ = {
			isa = PBXGroup;
			children = (
				0FAB6D9023CA60F300DCC5E7 /* Category.swift */,
				0FAB6D8E23CA60CE00DCC5E7 /* Item.swift */,
			);
			path = "Data Model";
			sourceTree = "<group>";
		};
		0FA219AD23B076B8009DCEAE /* Controllers */ = {
			isa = PBXGroup;
			children = (
				0F4DA65523B798B000F2A2EC /* CategoryViewController.swift */,
				0FA2197A23AB3F7B009DCEAE /* TodoListViewController.swift */,
			);
			path = Controllers;
			sourceTree = "<group>";
		};
		0FA219AE23B076D0009DCEAE /* Views */ = {
			isa = PBXGroup;
			children = (
				0FA2197C23AB3F7B009DCEAE /* Main.storyboard */,
			);
			path = Views;
			sourceTree = "<group>";
		};
		0FA219AF23B07700009DCEAE /* Suporting Files */ = {
			isa = PBXGroup;
			children = (
				0FA2197F23AB3F7C009DCEAE /* Assets.xcassets */,
				0FA2198123AB3F7C009DCEAE /* LaunchScreen.storyboard */,
			);
			path = "Suporting Files";
			sourceTree = "<group>";
		};
		D383C6F2EE2F7CDFCA6BAD09 /* Pods */ = {
			isa = PBXGroup;
			children = (
				CD6E522DCF36CCE0FA487DB1 /* Pods-Todoey2.debug.xcconfig */,
				6425DFFF1317F5FFD0292339 /* Pods-Todoey2.release.xcconfig */,
			);
			path = Pods;
			sourceTree = "<group>";
		};
		F1840116831A015287EFB3BF /* Frameworks */ = {
			isa = PBXGroup;
			children = (
				1CEBB00C8B7E614D08CF4E89 /* Pods_Todoey2.framework */,
			);
			name = Frameworks;
			sourceTree = "<group>";
		};
/* End PBXGroup section */

/* Begin PBXNativeTarget section */
		0FA2197223AB3F7B009DCEAE /* Todoey2 */ = {
			isa = PBXNativeTarget;
			buildConfigurationList = 0FA2198723AB3F7C009DCEAE /* Build configuration list for PBXNativeTarget "Todoey2" */;
			buildPhases = (
				7CCC3D19D8710712A644DE27 /* [CP] Check Pods Manifest.lock */,
				0FA2196F23AB3F7B009DCEAE /* Sources */,
				0FA2197023AB3F7B009DCEAE /* Frameworks */,
				0FA2197123AB3F7B009DCEAE /* Resources */,
				E3EAED0A92C22EF8502EF80A /* [CP] Embed Pods Frameworks */,
			);
			buildRules = (
			);
			dependencies = (
			);
			name = Todoey2;
			productName = Todoey2;
			productReference = 0FA2197323AB3F7B009DCEAE /* Todoey2.app */;
			productType = "com.apple.product-type.application";
		};
/* End PBXNativeTarget section */

/* Begin PBXProject section */
		0FA2196B23AB3F7B009DCEAE /* Project object */ = {
			isa = PBXProject;
			attributes = {
				LastSwiftUpdateCheck = 1130;
				LastUpgradeCheck = 1130;
				ORGANIZATIONNAME = jbooker2016;
				TargetAttributes = {
					0FA2197223AB3F7B009DCEAE = {
						CreatedOnToolsVersion = 11.3;
					};
				};
			};
			buildConfigurationList = 0FA2196E23AB3F7B009DCEAE /* Build configuration list for PBXProject "Todoey2" */;
			compatibilityVersion = "Xcode 9.3";
			developmentRegion = en;
			hasScannedForEncodings = 0;
			knownRegions = (
				en,
				Base,
			);
			mainGroup = 0FA2196A23AB3F7B009DCEAE;
			productRefGroup = 0FA2197423AB3F7B009DCEAE /* Products */;
			projectDirPath = "";
			projectRoot = "";
			targets = (
				0FA2197223AB3F7B009DCEAE /* Todoey2 */,
			);
		};
/* End PBXProject section */

/* Begin PBXResourcesBuildPhase section */
		0FA2197123AB3F7B009DCEAE /* Resources */ = {
			isa = PBXResourcesBuildPhase;
			buildActionMask = 2147483647;
			files = (
				0FA2198323AB3F7C009DCEAE /* LaunchScreen.storyboard in Resources */,
				0FA2198023AB3F7C009DCEAE /* Assets.xcassets in Resources */,
				0FA2197E23AB3F7B009DCEAE /* Main.storyboard in Resources */,
			);
			runOnlyForDeploymentPostprocessing = 0;
		};
/* End PBXResourcesBuildPhase section */

/* Begin PBXShellScriptBuildPhase section */
		7CCC3D19D8710712A644DE27 /* [CP] Check Pods Manifest.lock */ = {
			isa = PBXShellScriptBuildPhase;
			buildActionMask = 2147483647;
			files = (
			);
			inputFileListPaths = (
			);
			inputPaths = (
				"${PODS_PODFILE_DIR_PATH}/Podfile.lock",
				"${PODS_ROOT}/Manifest.lock",
			);
			name = "[CP] Check Pods Manifest.lock";
			outputFileListPaths = (
			);
			outputPaths = (
				"$(DERIVED_FILE_DIR)/Pods-Todoey2-checkManifestLockResult.txt",
			);
			runOnlyForDeploymentPostprocessing = 0;
			shellPath = /bin/sh;
			shellScript = "diff \"${PODS_PODFILE_DIR_PATH}/Podfile.lock\" \"${PODS_ROOT}/Manifest.lock\" > /dev/null\nif [ $? != 0 ] ; then\n    # print error to STDERR\n    echo \"error: The sandbox is not in sync with the Podfile.lock. Run 'pod install' or update your CocoaPods installation.\" >&2\n    exit 1\nfi\n# This output is used by Xcode 'outputs' to avoid re-running this script phase.\necho \"SUCCESS\" > \"${SCRIPT_OUTPUT_FILE_0}\"\n";
			showEnvVarsInLog = 0;
		};
		E3EAED0A92C22EF8502EF80A /* [CP] Embed Pods Frameworks */ = {
			isa = PBXShellScriptBuildPhase;
			buildActionMask = 2147483647;
			files = (
			);
			inputFileListPaths = (
				"${PODS_ROOT}/Target Support Files/Pods-Todoey2/Pods-Todoey2-frameworks-${CONFIGURATION}-input-files.xcfilelist",
			);
			name = "[CP] Embed Pods Frameworks";
			outputFileListPaths = (
				"${PODS_ROOT}/Target Support Files/Pods-Todoey2/Pods-Todoey2-frameworks-${CONFIGURATION}-output-files.xcfilelist",
			);
			runOnlyForDeploymentPostprocessing = 0;
			shellPath = /bin/sh;
			shellScript = "\"${PODS_ROOT}/Target Support Files/Pods-Todoey2/Pods-Todoey2-frameworks.sh\"\n";
			showEnvVarsInLog = 0;
		};
/* End PBXShellScriptBuildPhase section */

/* Begin PBXSourcesBuildPhase section */
		0FA2196F23AB3F7B009DCEAE /* Sources */ = {
			isa = PBXSourcesBuildPhase;
			buildActionMask = 2147483647;
			files = (
				0F4DA65623B798B000F2A2EC /* CategoryViewController.swift in Sources */,
				0FA2197B23AB3F7B009DCEAE /* TodoListViewController.swift in Sources */,
				0FA2197723AB3F7B009DCEAE /* AppDelegate.swift in Sources */,
				0FAB6D8F23CA60CE00DCC5E7 /* Item.swift in Sources */,
				0FA2197923AB3F7B009DCEAE /* SceneDelegate.swift in Sources */,
				0FAB6D9123CA60F300DCC5E7 /* Category.swift in Sources */,
			);
			runOnlyForDeploymentPostprocessing = 0;
		};
/* End PBXSourcesBuildPhase section */

/* Begin PBXVariantGroup section */
		0FA2197C23AB3F7B009DCEAE /* Main.storyboard */ = {
			isa = PBXVariantGroup;
			children = (
				0FA2197D23AB3F7B009DCEAE /* Base */,
			);
			name = Main.storyboard;
			sourceTree = "<group>";
		};
		0FA2198123AB3F7C009DCEAE /* LaunchScreen.storyboard */ = {
			isa = PBXVariantGroup;
			children = (
				0FA2198223AB3F7C009DCEAE /* Base */,
			);
			name = LaunchScreen.storyboard;
			sourceTree = "<group>";
		};
/* End PBXVariantGroup section */

/* Begin XCBuildConfiguration section */
		0FA2198523AB3F7C009DCEAE /* Debug */ = {
			isa = XCBuildConfiguration;
			buildSettings = {
				ALWAYS_SEARCH_USER_PATHS = NO;
				CLANG_ANALYZER_NONNULL = YES;
				CLANG_ANALYZER_NUMBER_OBJECT_CONVERSION = YES_AGGRESSIVE;
				CLANG_CXX_LANGUAGE_STANDARD = "gnu++14";
				CLANG_CXX_LIBRARY = "libc++";
				CLANG_ENABLE_MODULES = YES;
				CLANG_ENABLE_OBJC_ARC = YES;
				CLANG_ENABLE_OBJC_WEAK = YES;
				CLANG_WARN_BLOCK_CAPTURE_AUTORELEASING = YES;
				CLANG_WARN_BOOL_CONVERSION = YES;
				CLANG_WARN_COMMA = YES;
				CLANG_WARN_CONSTANT_CONVERSION = YES;
				CLANG_WARN_DEPRECATED_OBJC_IMPLEMENTATIONS = YES;
				CLANG_WARN_DIRECT_OBJC_ISA_USAGE = YES_ERROR;
				CLANG_WARN_DOCUMENTATION_COMMENTS = YES;
				CLANG_WARN_EMPTY_BODY = YES;
				CLANG_WARN_ENUM_CONVERSION = YES;
				CLANG_WARN_INFINITE_RECURSION = YES;
				CLANG_WARN_INT_CONVERSION = YES;
				CLANG_WARN_NON_LITERAL_NULL_CONVERSION = YES;
				CLANG_WARN_OBJC_IMPLICIT_RETAIN_SELF = YES;
				CLANG_WARN_OBJC_LITERAL_CONVERSION = YES;
				CLANG_WARN_OBJC_ROOT_CLASS = YES_ERROR;
				CLANG_WARN_RANGE_LOOP_ANALYSIS = YES;
				CLANG_WARN_STRICT_PROTOTYPES = YES;
				CLANG_WARN_SUSPICIOUS_MOVE = YES;
				CLANG_WARN_UNGUARDED_AVAILABILITY = YES_AGGRESSIVE;
				CLANG_WARN_UNREACHABLE_CODE = YES;
				CLANG_WARN__DUPLICATE_METHOD_MATCH = YES;
				COPY_PHASE_STRIP = NO;
				DEBUG_INFORMATION_FORMAT = dwarf;
				ENABLE_STRICT_OBJC_MSGSEND = YES;
				ENABLE_TESTABILITY = YES;
				GCC_C_LANGUAGE_STANDARD = gnu11;
				GCC_DYNAMIC_NO_PIC = NO;
				GCC_NO_COMMON_BLOCKS = YES;
				GCC_OPTIMIZATION_LEVEL = 0;
				GCC_PREPROCESSOR_DEFINITIONS = (
					"DEBUG=1",
					"$(inherited)",
				);
				GCC_WARN_64_TO_32_BIT_CONVERSION = YES;
				GCC_WARN_ABOUT_RETURN_TYPE = YES_ERROR;
				GCC_WARN_UNDECLARED_SELECTOR = YES;
				GCC_WARN_UNINITIALIZED_AUTOS = YES_AGGRESSIVE;
				GCC_WARN_UNUSED_FUNCTION = YES;
				GCC_WARN_UNUSED_VARIABLE = YES;
				IPHONEOS_DEPLOYMENT_TARGET = 13.2;
				MTL_ENABLE_DEBUG_INFO = INCLUDE_SOURCE;
				MTL_FAST_MATH = YES;
				ONLY_ACTIVE_ARCH = YES;
				SDKROOT = iphoneos;
				SWIFT_ACTIVE_COMPILATION_CONDITIONS = DEBUG;
				SWIFT_OPTIMIZATION_LEVEL = "-Onone";
			};
			name = Debug;
		};
		0FA2198623AB3F7C009DCEAE /* Release */ = {
			isa = XCBuildConfiguration;
			buildSettings = {
				ALWAYS_SEARCH_USER_PATHS = NO;
				CLANG_ANALYZER_NONNULL = YES;
				CLANG_ANALYZER_NUMBER_OBJECT_CONVERSION = YES_AGGRESSIVE;
				CLANG_CXX_LANGUAGE_STANDARD = "gnu++14";
				CLANG_CXX_LIBRARY = "libc++";
				CLANG_ENABLE_MODULES = YES;
				CLANG_ENABLE_OBJC_ARC = YES;
				CLANG_ENABLE_OBJC_WEAK = YES;
				CLANG_WARN_BLOCK_CAPTURE_AUTORELEASING = YES;
				CLANG_WARN_BOOL_CONVERSION = YES;
				CLANG_WARN_COMMA = YES;
				CLANG_WARN_CONSTANT_CONVERSION = YES;
				CLANG_WARN_DEPRECATED_OBJC_IMPLEMENTATIONS = YES;
				CLANG_WARN_DIRECT_OBJC_ISA_USAGE = YES_ERROR;
				CLANG_WARN_DOCUMENTATION_COMMENTS = YES;
				CLANG_WARN_EMPTY_BODY = YES;
				CLANG_WARN_ENUM_CONVERSION = YES;
				CLANG_WARN_INFINITE_RECURSION = YES;
				CLANG_WARN_INT_CONVERSION = YES;
				CLANG_WARN_NON_LITERAL_NULL_CONVERSION = YES;
				CLANG_WARN_OBJC_IMPLICIT_RETAIN_SELF = YES;
				CLANG_WARN_OBJC_LITERAL_CONVERSION = YES;
				CLANG_WARN_OBJC_ROOT_CLASS = YES_ERROR;
				CLANG_WARN_RANGE_LOOP_ANALYSIS = YES;
				CLANG_WARN_STRICT_PROTOTYPES = YES;
				CLANG_WARN_SUSPICIOUS_MOVE = YES;
				CLANG_WARN_UNGUARDED_AVAILABILITY = YES_AGGRESSIVE;
				CLANG_WARN_UNREACHABLE_CODE = YES;
				CLANG_WARN__DUPLICATE_METHOD_MATCH = YES;
				COPY_PHASE_STRIP = NO;
				DEBUG_INFORMATION_FORMAT = "dwarf-with-dsym";
				ENABLE_NS_ASSERTIONS = NO;
				ENABLE_STRICT_OBJC_MSGSEND = YES;
				GCC_C_LANGUAGE_STANDARD = gnu11;
				GCC_NO_COMMON_BLOCKS = YES;
				GCC_WARN_64_TO_32_BIT_CONVERSION = YES;
				GCC_WARN_ABOUT_RETURN_TYPE = YES_ERROR;
				GCC_WARN_UNDECLARED_SELECTOR = YES;
				GCC_WARN_UNINITIALIZED_AUTOS = YES_AGGRESSIVE;
				GCC_WARN_UNUSED_FUNCTION = YES;
				GCC_WARN_UNUSED_VARIABLE = YES;
				IPHONEOS_DEPLOYMENT_TARGET = 13.2;
				MTL_ENABLE_DEBUG_INFO = NO;
				MTL_FAST_MATH = YES;
				SDKROOT = iphoneos;
				SWIFT_COMPILATION_MODE = wholemodule;
				SWIFT_OPTIMIZATION_LEVEL = "-O";
				VALIDATE_PRODUCT = YES;
			};
			name = Release;
		};
		0FA2198823AB3F7C009DCEAE /* Debug */ = {
			isa = XCBuildConfiguration;
			baseConfigurationReference = CD6E522DCF36CCE0FA487DB1 /* Pods-Todoey2.debug.xcconfig */;
			buildSettings = {
				ASSETCATALOG_COMPILER_APPICON_NAME = AppIcon;
				CODE_SIGN_STYLE = Automatic;
				DEVELOPMENT_TEAM = TN6YLAP6WV;
				INFOPLIST_FILE = Todoey2/Info.plist;
				LD_RUNPATH_SEARCH_PATHS = (
					"$(inherited)",
					"@executable_path/Frameworks",
				);
				PRODUCT_BUNDLE_IDENTIFIER = com.JordanBooker.Todoey2;
				PRODUCT_NAME = "$(TARGET_NAME)";
				SWIFT_VERSION = 5.0;
				TARGETED_DEVICE_FAMILY = "1,2";
			};
			name = Debug;
		};
		0FA2198923AB3F7C009DCEAE /* Release */ = {
			isa = XCBuildConfiguration;
			baseConfigurationReference = 6425DFFF1317F5FFD0292339 /* Pods-Todoey2.release.xcconfig */;
			buildSettings = {
				ASSETCATALOG_COMPILER_APPICON_NAME = AppIcon;
				CODE_SIGN_STYLE = Automatic;
				DEVELOPMENT_TEAM = TN6YLAP6WV;
				INFOPLIST_FILE = Todoey2/Info.plist;
				LD_RUNPATH_SEARCH_PATHS = (
					"$(inherited)",
					"@executable_path/Frameworks",
				);
				PRODUCT_BUNDLE_IDENTIFIER = com.JordanBooker.Todoey2;
				PRODUCT_NAME = "$(TARGET_NAME)";
				SWIFT_VERSION = 5.0;
				TARGETED_DEVICE_FAMILY = "1,2";
			};
			name = Release;
		};
/* End XCBuildConfiguration section */

/* Begin XCConfigurationList section */
		0FA2196E23AB3F7B009DCEAE /* Build configuration list for PBXProject "Todoey2" */ = {
			isa = XCConfigurationList;
			buildConfigurations = (
				0FA2198523AB3F7C009DCEAE /* Debug */,
				0FA2198623AB3F7C009DCEAE /* Release */,
			);
			defaultConfigurationIsVisible = 0;
			defaultConfigurationName = Release;
		};
		0FA2198723AB3F7C009DCEAE /* Build configuration list for PBXNativeTarget "Todoey2" */ = {
			isa = XCConfigurationList;
			buildConfigurations = (
				0FA2198823AB3F7C009DCEAE /* Debug */,
				0FA2198923AB3F7C009DCEAE /* Release */,
			);
			defaultConfigurationIsVisible = 0;
			defaultConfigurationName = Release;
		};
/* End XCConfigurationList section */
	};
	rootObject = 0FA2196B23AB3F7B009DCEAE /* Project object */;
}
